
Microsoft Visual Studio Solution File, Format Version 12.00
# Visual Studio Version 16
VisualStudioVersion = 16.0.31321.278
MinimumVisualStudioVersion = 10.0.40219.1
Project("{FAE04EC0-301F-11D3-BF4B-00C04F79EFBC}") = "firstProject", "firstProject\firstProject.csproj", "{59C5737D-0CFE-45E0-BF9E-A5B52E6C1EB9}"
EndProject
Global
	GlobalSection(SolutionConfigurationPlatforms) = preSolution
		Debug|Any CPU = Debug|Any CPU
		Release|Any CPU = Release|Any CPU
	EndGlobalSection
	GlobalSection(ProjectConfigurationPlatforms) = postSolution
		{59C5737D-0CFE-45E0-BF9E-A5B52E6C1EB9}.Debug|Any CPU.ActiveCfg = Debug|Any CPU
		{59C5737D-0CFE-45E0-BF9E-A5B52E6C1EB9}.Debug|Any CPU.Build.0 = Debug|Any CPU
		{59C5737D-0CFE-45E0-BF9E-A5B52E6C1EB9}.Release|Any CPU.ActiveCfg = Release|Any CPU
		{59C5737D-0CFE-45E0-BF9E-A5B52E6C1EB9}.Release|Any CPU.Build.0 = Release|Any CPU
	EndGlobalSection
	GlobalSection(SolutionProperties) = preSolution
		HideSolutionNode = FALSE
	EndGlobalSection
	GlobalSection(ExtensibilityGlobals) = postSolution
		SolutionGuid = {78D87749-FD45-4640-AD63-FC7F9BC3BB99}
	EndGlobalSection
EndGlobal
